{
  "requires": true,
  "lockfileVersion": 1,
  "dependencies": {
    "@patternfly/patternfly": {
      "version": "4.42.2",
      "resolved": "https://registry.npmjs.org/@patternfly/patternfly/-/patternfly-4.42.2.tgz",
      "integrity": "sha512-VLDhNko4D09sKcnzWEzMr8T8z9btqAYpuK0ntWMsAwi+/C9XsKyaxPioxuEsm7PeuW6OU0neEzSDYMSUnwrMBQ=="
    }
  }
}
